// !$*UTF8*$!
{
	archiveVersion = 1;
	classes = {
	};
	objectVersion = 50;
	objects = {

/* Begin PBXBuildFile section */
		B218B6CD249208E0005BC718 /* AppDelegate.swift in Sources */ = {isa = PBXBuildFile; fileRef = B218B6CC249208E0005BC718 /* AppDelegate.swift */; };
		B218B6CF249208E0005BC718 /* SceneDelegate.swift in Sources */ = {isa = PBXBuildFile; fileRef = B218B6CE249208E0005BC718 /* SceneDelegate.swift */; };
		B218B6D1249208E0005BC718 /* ViewController.swift in Sources */ = {isa = PBXBuildFile; fileRef = B218B6D0249208E0005BC718 /* ViewController.swift */; };
		B218B6D4249208E0005BC718 /* Main.storyboard in Resources */ = {isa = PBXBuildFile; fileRef = B218B6D2249208E0005BC718 /* Main.storyboard */; };
		B218B6D6249208E2005BC718 /* Assets.xcassets in Resources */ = {isa = PBXBuildFile; fileRef = B218B6D5249208E2005BC718 /* Assets.xcassets */; };
		B218B6D9249208E2005BC718 /* LaunchScreen.storyboard in Resources */ = {isa = PBXBuildFile; fileRef = B218B6D7249208E2005BC718 /* LaunchScreen.storyboard */; };
		B218B6E124920BB6005BC718 /* MyCellVC.swift in Sources */ = {isa = PBXBuildFile; fileRef = B218B6E024920BB6005BC718 /* MyCellVC.swift */; };
/* End PBXBuildFile section */

/* Begin PBXFileReference section */
		B218B6C9249208E0005BC718 /* DynamicallyAddViewInTableView.app */ = {isa = PBXFileReference; explicitFileType = wrapper.application; includeInIndex = 0; path = DynamicallyAddViewInTableView.app; sourceTree = BUILT_PRODUCTS_DIR; };
		B218B6CC249208E0005BC718 /* AppDelegate.swift */ = {isa = PBXFileReference; lastKnownFileType = sourcecode.swift; path = AppDelegate.swift; sourceTree = "<group>"; };
		B218B6CE249208E0005BC718 /* SceneDelegate.swift */ = {isa = PBXFileReference; lastKnownFileType = sourcecode.swift; path = SceneDelegate.swift; sourceTree = "<group>"; };
		B218B6D0249208E0005BC718 /* ViewController.swift */ = {isa = PBXFileReference; lastKnownFileType = sourcecode.swift; path = ViewController.swift; sourceTree = "<group>"; };
		B218B6D3249208E0005BC718 /* Base */ = {isa = PBXFileReference; lastKnownFileType = file.storyboard; name = Base; path = Base.lproj/Main.storyboard; sourceTree = "<group>"; };
		B218B6D5249208E2005BC718 /* Assets.xcassets */ = {isa = PBXFileReference; lastKnownFileType = folder.assetcatalog; path = Assets.xcassets; sourceTree = "<group>"; };
		B218B6D8249208E2005BC718 /* Base */ = {isa = PBXFileReference; lastKnownFileType = file.storyboard; name = Base; path = Base.lproj/LaunchScreen.storyboard; sourceTree = "<group>"; };
		B218B6DA249208E2005BC718 /* Info.plist */ = {isa = PBXFileReference; lastKnownFileType = text.plist.xml; path = Info.plist; sourceTree = "<group>"; };
		B218B6E024920BB6005BC718 /* MyCellVC.swift */ = {isa = PBXFileReference; lastKnownFileType = sourcecode.swift; path = MyCellVC.swift; sourceTree = "<group>"; };
/* End PBXFileReference section */

/* Begin PBXFrameworksBuildPhase section */
		B218B6C6249208E0005BC718 /* Frameworks */ = {
			isa = PBXFrameworksBuildPhase;
			buildActionMask = 2147483647;
			files = (
			);
			runOnlyForDeploymentPostprocessing = 0;
		};
/* End PBXFrameworksBuildPhase section */

/* Begin PBXGroup section */
		B218B6C0249208E0005BC718 = {
			isa = PBXGroup;
			children = (
				B218B6CB249208E0005BC718 /* DynamicallyAddViewInTableView */,
				B218B6CA249208E0005BC718 /* Products */,
			);
			sourceTree = "<group>";
		};
		B218B6CA249208E0005BC718 /* Products */ = {
			isa = PBXGroup;
			children = (
				B218B6C9249208E0005BC718 /* DynamicallyAddViewInTableView.app */,
			);
			name = Products;
			sourceTree = "<group>";
		};
		B218B6CB249208E0005BC718 /* DynamicallyAddViewInTableView */ = {
			isa = PBXGroup;
			children = (
				B218B6CC249208E0005BC718 /* AppDelegate.swift */,
				B218B6CE249208E0005BC718 /* SceneDelegate.swift */,
				B218B6D0249208E0005BC718 /* ViewController.swift */,
				B218B6D2249208E0005BC718 /* Main.storyboard */,
				B218B6D5249208E2005BC718 /* Assets.xcassets */,
				B218B6D7249208E2005BC718 /* LaunchScreen.storyboard */,
				B218B6DA249208E2005BC718 /* Info.plist */,
				B218B6E024920BB6005BC718 /* MyCellVC.swift */,
			);
			path = DynamicallyAddViewInTableView;
			sourceTree = "<group>";
		};
/* End PBXGroup section */

/* Begin PBXNativeTarget section */
		B218B6C8249208E0005BC718 /* DynamicallyAddViewInTableView */ = {
			isa = PBXNativeTarget;
			buildConfigurationList = B218B6DD249208E2005BC718 /* Build configuration list for PBXNativeTarget "DynamicallyAddViewInTableView" */;
			buildPhases = (
				B218B6C5249208E0005BC718 /* Sources */,
				B218B6C6249208E0005BC718 /* Frameworks */,
				B218B6C7249208E0005BC718 /* Resources */,
			);
			buildRules = (
			);
			dependencies = (
			);
			name = DynamicallyAddViewInTableView;
			productName = DynamicallyAddViewInTableView;
			productReference = B218B6C9249208E0005BC718 /* DynamicallyAddViewInTableView.app */;
			productType = "com.apple.product-type.application";
		};
/* End PBXNativeTarget section */

/* Begin PBXProject section */
		B218B6C1249208E0005BC718 /* Project object */ = {
			isa = PBXProject;
			attributes = {
				LastSwiftUpdateCheck = 1130;
				LastUpgradeCheck = 1130;
				ORGANIZATIONNAME = RK;
				TargetAttributes = {
					B218B6C8249208E0005BC718 = {
						CreatedOnToolsVersion = 11.3.1;
					};
				};
			};
			buildConfigurationList = B218B6C4249208E0005BC718 /* Build configuration list for PBXProject "DynamicallyAddViewInTableView" */;
			compatibilityVersion = "Xcode 9.3";
			developmentRegion = en;
			hasScannedForEncodings = 0;
			knownRegions = (
				en,
				Base,
			);
			mainGroup = B218B6C0249208E0005BC718;
			productRefGroup = B218B6CA249208E0005BC718 /* Products */;
			projectDirPath = "";
			projectRoot = "";
			targets = (
				B218B6C8249208E0005BC718 /* DynamicallyAddViewInTableView */,
			);
		};
/* End PBXProject section */

/* Begin PBXResourcesBuildPhase section */
		B218B6C7249208E0005BC718 /* Resources */ = {
			isa = PBXResourcesBuildPhase;
			buildActionMask = 2147483647;
			files = (
				B218B6D9249208E2005BC718 /* LaunchScreen.storyboard in Resources */,
				B218B6D6249208E2005BC718 /* Assets.xcassets in Resources */,
				B218B6D4249208E0005BC718 /* Main.storyboard in Resources */,
			);
			runOnlyForDeploymentPostprocessing = 0;
		};
/* End PBXResourcesBuildPhase section */

/* Begin PBXSourcesBuildPhase section */
		B218B6C5249208E0005BC718 /* Sources */ = {
			isa = PBXSourcesBuildPhase;
			buildActionMask = 2147483647;
			files = (
				B218B6E124920BB6005BC718 /* MyCellVC.swift in Sources */,
				B218B6D1249208E0005BC718 /* ViewController.swift in Sources */,
				B218B6CD249208E0005BC718 /* AppDelegate.swift in Sources */,
				B218B6CF249208E0005BC718 /* SceneDelegate.swift in Sources */,
			);
			runOnlyForDeploymentPostprocessing = 0;
		};
/* End PBXSourcesBuildPhase section */

/* Begin PBXVariantGroup section */
		B218B6D2249208E0005BC718 /* Main.storyboard */ = {
			isa = PBXVariantGroup;
			children = (
				B218B6D3249208E0005BC718 /* Base */,
			);
			name = Main.storyboard;
			sourceTree = "<group>";
		};
		B218B6D7249208E2005BC718 /* LaunchScreen.storyboard */ = {
			isa = PBXVariantGroup;
			children = (
				B218B6D8249208E2005BC718 /* Base */,
			);
			name = LaunchScreen.storyboard;
			sourceTree = "<group>";
		};
/* End PBXVariantGroup section */

/* Begin XCBuildConfiguration section */
		B218B6DB249208E2005BC718 /* Debug */ = {
			isa = XCBuildConfiguration;
			buildSettings = {
				ALWAYS_SEARCH_USER_PATHS = NO;
				CLANG_ANALYZER_NONNULL = YES;
				CLANG_ANALYZER_NUMBER_OBJECT_CONVERSION = YES_AGGRESSIVE;
				CLANG_CXX_LANGUAGE_STANDARD = "gnu++14";
				CLANG_CXX_LIBRARY = "libc++";
				CLANG_ENABLE_MODULES = YES;
				CLANG_ENABLE_OBJC_ARC = YES;
				CLANG_ENABLE_OBJC_WEAK = YES;
				CLANG_WARN_BLOCK_CAPTURE_AUTORELEASING = YES;
				CLANG_WARN_BOOL_CONVERSION = YES;
				CLANG_WARN_COMMA = YES;
				CLANG_WARN_CONSTANT_CONVERSION = YES;
				CLANG_WARN_DEPRECATED_OBJC_IMPLEMENTATIONS = YES;
				CLANG_WARN_DIRECT_OBJC_ISA_USAGE = YES_ERROR;
				CLANG_WARN_DOCUMENTATION_COMMENTS = YES;
				CLANG_WARN_EMPTY_BODY = YES;
				CLANG_WARN_ENUM_CONVERSION = YES;
				CLANG_WARN_INFINITE_RECURSION = YES;
				CLANG_WARN_INT_CONVERSION = YES;
				CLANG_WARN_NON_LITERAL_NULL_CONVERSION = YES;
				CLANG_WARN_OBJC_IMPLICIT_RETAIN_SELF = YES;
				CLANG_WARN_OBJC_LITERAL_CONVERSION = YES;
				CLANG_WARN_OBJC_ROOT_CLASS = YES_ERROR;
				CLANG_WARN_RANGE_LOOP_ANALYSIS = YES;
				CLANG_WARN_STRICT_PROTOTYPES = YES;
				CLANG_WARN_SUSPICIOUS_MOVE = YES;
				CLANG_WARN_UNGUARDED_AVAILABILITY = YES_AGGRESSIVE;
				CLANG_WARN_UNREACHABLE_CODE = YES;
				CLANG_WARN__DUPLICATE_METHOD_MATCH = YES;
				COPY_PHASE_STRIP = NO;
				DEBUG_INFORMATION_FORMAT = dwarf;
				ENABLE_STRICT_OBJC_MSGSEND = YES;
				ENABLE_TESTABILITY = YES;
				GCC_C_LANGUAGE_STANDARD = gnu11;
				GCC_DYNAMIC_NO_PIC = NO;
				GCC_NO_COMMON_BLOCKS = YES;
				GCC_OPTIMIZATION_LEVEL = 0;
				GCC_PREPROCESSOR_DEFINITIONS = (
					"DEBUG=1",
					"$(inherited)",
				);
				GCC_WARN_64_TO_32_BIT_CONVERSION = YES;
				GCC_WARN_ABOUT_RETURN_TYPE = YES_ERROR;
				GCC_WARN_UNDECLARED_SELECTOR = YES;
				GCC_WARN_UNINITIALIZED_AUTOS = YES_AGGRESSIVE;
				GCC_WARN_UNUSED_FUNCTION = YES;
				GCC_WARN_UNUSED_VARIABLE = YES;
				IPHONEOS_DEPLOYMENT_TARGET = 13.2;
				MTL_ENABLE_DEBUG_INFO = INCLUDE_SOURCE;
				MTL_FAST_MATH = YES;
				ONLY_ACTIVE_ARCH = YES;
				SDKROOT = iphoneos;
				SWIFT_ACTIVE_COMPILATION_CONDITIONS = DEBUG;
				SWIFT_OPTIMIZATION_LEVEL = "-Onone";
			};
			name = Debug;
		};
		B218B6DC249208E2005BC718 /* Release */ = {
			isa = XCBuildConfiguration;
			buildSettings = {
				ALWAYS_SEARCH_USER_PATHS = NO;
				CLANG_ANALYZER_NONNULL = YES;
				CLANG_ANALYZER_NUMBER_OBJECT_CONVERSION = YES_AGGRESSIVE;
				CLANG_CXX_LANGUAGE_STANDARD = "gnu++14";
				CLANG_CXX_LIBRARY = "libc++";
				CLANG_ENABLE_MODULES = YES;
				CLANG_ENABLE_OBJC_ARC = YES;
				CLANG_ENABLE_OBJC_WEAK = YES;
				CLANG_WARN_BLOCK_CAPTURE_AUTORELEASING = YES;
				CLANG_WARN_BOOL_CONVERSION = YES;
				CLANG_WARN_COMMA = YES;
				CLANG_WARN_CONSTANT_CONVERSION = YES;
				CLANG_WARN_DEPRECATED_OBJC_IMPLEMENTATIONS = YES;
				CLANG_WARN_DIRECT_OBJC_ISA_USAGE = YES_ERROR;
				CLANG_WARN_DOCUMENTATION_COMMENTS = YES;
				CLANG_WARN_EMPTY_BODY = YES;
				CLANG_WARN_ENUM_CONVERSION = YES;
				CLANG_WARN_INFINITE_RECURSION = YES;
				CLANG_WARN_INT_CONVERSION = YES;
				CLANG_WARN_NON_LITERAL_NULL_CONVERSION = YES;
				CLANG_WARN_OBJC_IMPLICIT_RETAIN_SELF = YES;
				CLANG_WARN_OBJC_LITERAL_CONVERSION = YES;
				CLANG_WARN_OBJC_ROOT_CLASS = YES_ERROR;
				CLANG_WARN_RANGE_LOOP_ANALYSIS = YES;
				CLANG_WARN_STRICT_PROTOTYPES = YES;
				CLANG_WARN_SUSPICIOUS_MOVE = YES;
				CLANG_WARN_UNGUARDED_AVAILABILITY = YES_AGGRESSIVE;
				CLANG_WARN_UNREACHABLE_CODE = YES;
				CLANG_WARN__DUPLICATE_METHOD_MATCH = YES;
				COPY_PHASE_STRIP = NO;
				DEBUG_INFORMATION_FORMAT = "dwarf-with-dsym";
				ENABLE_NS_ASSERTIONS = NO;
				ENABLE_STRICT_OBJC_MSGSEND = YES;
				GCC_C_LANGUAGE_STANDARD = gnu11;
				GCC_NO_COMMON_BLOCKS = YES;
				GCC_WARN_64_TO_32_BIT_CONVERSION = YES;
				GCC_WARN_ABOUT_RETURN_TYPE = YES_ERROR;
				GCC_WARN_UNDECLARED_SELECTOR = YES;
				GCC_WARN_UNINITIALIZED_AUTOS = YES_AGGRESSIVE;
				GCC_WARN_UNUSED_FUNCTION = YES;
				GCC_WARN_UNUSED_VARIABLE = YES;
				IPHONEOS_DEPLOYMENT_TARGET = 13.2;
				MTL_ENABLE_DEBUG_INFO = NO;
				MTL_FAST_MATH = YES;
				SDKROOT = iphoneos;
				SWIFT_COMPILATION_MODE = wholemodule;
				SWIFT_OPTIMIZATION_LEVEL = "-O";
				VALIDATE_PRODUCT = YES;
			};
			name = Release;
		};
		B218B6DE249208E2005BC718 /* Debug */ = {
			isa = XCBuildConfiguration;
			buildSettings = {
				ASSETCATALOG_COMPILER_APPICON_NAME = AppIcon;
				CODE_SIGN_STYLE = Automatic;
				DEVELOPMENT_TEAM = L89LNAQUFE;
				INFOPLIST_FILE = DynamicallyAddViewInTableView/Info.plist;
				IPHONEOS_DEPLOYMENT_TARGET = 13.2;
				LD_RUNPATH_SEARCH_PATHS = (
					"$(inherited)",
					"@executable_path/Frameworks",
				);
				PRODUCT_BUNDLE_IDENTIFIER = rakib654258.DynamicallyAddViewInTableView;
				PRODUCT_NAME = "$(TARGET_NAME)";
				SWIFT_VERSION = 5.0;
				TARGETED_DEVICE_FAMILY = "1,2";
			};
			name = Debug;
		};
		B218B6DF249208E2005BC718 /* Release */ = {
			isa = XCBuildConfiguration;
			buildSettings = {
				ASSETCATALOG_COMPILER_APPICON_NAME = AppIcon;
				CODE_SIGN_STYLE = Automatic;
				DEVELOPMENT_TEAM = L89LNAQUFE;
				INFOPLIST_FILE = DynamicallyAddViewInTableView/Info.plist;
				IPHONEOS_DEPLOYMENT_TARGET = 13.2;
				LD_RUNPATH_SEARCH_PATHS = (
					"$(inherited)",
					"@executable_path/Frameworks",
				);
				PRODUCT_BUNDLE_IDENTIFIER = rakib654258.DynamicallyAddViewInTableView;
				PRODUCT_NAME = "$(TARGET_NAME)";
				SWIFT_VERSION = 5.0;
				TARGETED_DEVICE_FAMILY = "1,2";
			};
			name = Release;
		};
/* End XCBuildConfiguration section */

/* Begin XCConfigurationList section */
		B218B6C4249208E0005BC718 /* Build configuration list for PBXProject "DynamicallyAddViewInTableView" */ = {
			isa = XCConfigurationList;
			buildConfigurations = (
				B218B6DB249208E2005BC718 /* Debug */,
				B218B6DC249208E2005BC718 /* Release */,
			);
			defaultConfigurationIsVisible = 0;
			defaultConfigurationName = Release;
		};
		B218B6DD249208E2005BC718 /* Build configuration list for PBXNativeTarget "DynamicallyAddViewInTableView" */ = {
			isa = XCConfigurationList;
			buildConfigurations = (
				B218B6DE249208E2005BC718 /* Debug */,
				B218B6DF249208E2005BC718 /* Release */,
			);
			defaultConfigurationIsVisible = 0;
			defaultConfigurationName = Release;
		};
/* End XCConfigurationList section */
	};
	rootObject = B218B6C1249208E0005BC718 /* Project object */;
}
