// !$*UTF8*$!
{
	archiveVersion = 1;
	classes = {
	};
	objectVersion = 50;
	objects = {

/* Begin PBXBuildFile section */
		FC6FF20823F51A1400121C0B /* AppDelegate.swift in Sources */ = {isa = PBXBuildFile; fileRef = FC6FF20723F51A1400121C0B /* AppDelegate.swift */; };
		FC6FF20A23F51A1400121C0B /* SceneDelegate.swift in Sources */ = {isa = PBXBuildFile; fileRef = FC6FF20923F51A1400121C0B /* SceneDelegate.swift */; };
		FC6FF20C23F51A1400121C0B /* ViewController.swift in Sources */ = {isa = PBXBuildFile; fileRef = FC6FF20B23F51A1400121C0B /* ViewController.swift */; };
		FC6FF20F23F51A1400121C0B /* Main.storyboard in Resources */ = {isa = PBXBuildFile; fileRef = FC6FF20D23F51A1400121C0B /* Main.storyboard */; };
		FC6FF21123F51A1A00121C0B /* Assets.xcassets in Resources */ = {isa = PBXBuildFile; fileRef = FC6FF21023F51A1A00121C0B /* Assets.xcassets */; };
		FC6FF21423F51A1A00121C0B /* LaunchScreen.storyboard in Resources */ = {isa = PBXBuildFile; fileRef = FC6FF21223F51A1A00121C0B /* LaunchScreen.storyboard */; };
/* End PBXBuildFile section */

/* Begin PBXFileReference section */
		FC6FF20423F51A1400121C0B /* Endediting Touches Began.app */ = {isa = PBXFileReference; explicitFileType = wrapper.application; includeInIndex = 0; path = "Endediting Touches Began.app"; sourceTree = BUILT_PRODUCTS_DIR; };
		FC6FF20723F51A1400121C0B /* AppDelegate.swift */ = {isa = PBXFileReference; lastKnownFileType = sourcecode.swift; path = AppDelegate.swift; sourceTree = "<group>"; };
		FC6FF20923F51A1400121C0B /* SceneDelegate.swift */ = {isa = PBXFileReference; lastKnownFileType = sourcecode.swift; path = SceneDelegate.swift; sourceTree = "<group>"; };
		FC6FF20B23F51A1400121C0B /* ViewController.swift */ = {isa = PBXFileReference; lastKnownFileType = sourcecode.swift; path = ViewController.swift; sourceTree = "<group>"; };
		FC6FF20E23F51A1400121C0B /* Base */ = {isa = PBXFileReference; lastKnownFileType = file.storyboard; name = Base; path = Base.lproj/Main.storyboard; sourceTree = "<group>"; };
		FC6FF21023F51A1A00121C0B /* Assets.xcassets */ = {isa = PBXFileReference; lastKnownFileType = folder.assetcatalog; path = Assets.xcassets; sourceTree = "<group>"; };
		FC6FF21323F51A1A00121C0B /* Base */ = {isa = PBXFileReference; lastKnownFileType = file.storyboard; name = Base; path = Base.lproj/LaunchScreen.storyboard; sourceTree = "<group>"; };
		FC6FF21523F51A1A00121C0B /* Info.plist */ = {isa = PBXFileReference; lastKnownFileType = text.plist.xml; path = Info.plist; sourceTree = "<group>"; };
/* End PBXFileReference section */

/* Begin PBXFrameworksBuildPhase section */
		FC6FF20123F51A1400121C0B /* Frameworks */ = {
			isa = PBXFrameworksBuildPhase;
			buildActionMask = 2147483647;
			files = (
			);
			runOnlyForDeploymentPostprocessing = 0;
		};
/* End PBXFrameworksBuildPhase section */

/* Begin PBXGroup section */
		FC6FF1FB23F51A1400121C0B = {
			isa = PBXGroup;
			children = (
				FC6FF20623F51A1400121C0B /* Endediting Touches Began */,
				FC6FF20523F51A1400121C0B /* Products */,
			);
			sourceTree = "<group>";
		};
		FC6FF20523F51A1400121C0B /* Products */ = {
			isa = PBXGroup;
			children = (
				FC6FF20423F51A1400121C0B /* Endediting Touches Began.app */,
			);
			name = Products;
			sourceTree = "<group>";
		};
		FC6FF20623F51A1400121C0B /* Endediting Touches Began */ = {
			isa = PBXGroup;
			children = (
				FC6FF20723F51A1400121C0B /* AppDelegate.swift */,
				FC6FF20923F51A1400121C0B /* SceneDelegate.swift */,
				FC6FF20B23F51A1400121C0B /* ViewController.swift */,
				FC6FF20D23F51A1400121C0B /* Main.storyboard */,
				FC6FF21023F51A1A00121C0B /* Assets.xcassets */,
				FC6FF21223F51A1A00121C0B /* LaunchScreen.storyboard */,
				FC6FF21523F51A1A00121C0B /* Info.plist */,
			);
			path = "Endediting Touches Began";
			sourceTree = "<group>";
		};
/* End PBXGroup section */

/* Begin PBXNativeTarget section */
		FC6FF20323F51A1400121C0B /* Endediting Touches Began */ = {
			isa = PBXNativeTarget;
			buildConfigurationList = FC6FF21823F51A1A00121C0B /* Build configuration list for PBXNativeTarget "Endediting Touches Began" */;
			buildPhases = (
				FC6FF20023F51A1400121C0B /* Sources */,
				FC6FF20123F51A1400121C0B /* Frameworks */,
				FC6FF20223F51A1400121C0B /* Resources */,
			);
			buildRules = (
			);
			dependencies = (
			);
			name = "Endediting Touches Began";
			productName = "Endediting Touches Began";
			productReference = FC6FF20423F51A1400121C0B /* Endediting Touches Began.app */;
			productType = "com.apple.product-type.application";
		};
/* End PBXNativeTarget section */

/* Begin PBXProject section */
		FC6FF1FC23F51A1400121C0B /* Project object */ = {
			isa = PBXProject;
			attributes = {
				LastSwiftUpdateCheck = 1130;
				LastUpgradeCheck = 1130;
				ORGANIZATIONNAME = "A.K.M. Sazzad Hossain";
				TargetAttributes = {
					FC6FF20323F51A1400121C0B = {
						CreatedOnToolsVersion = 11.3;
					};
				};
			};
			buildConfigurationList = FC6FF1FF23F51A1400121C0B /* Build configuration list for PBXProject "Endediting Touches Began" */;
			compatibilityVersion = "Xcode 9.3";
			developmentRegion = en;
			hasScannedForEncodings = 0;
			knownRegions = (
				en,
				Base,
			);
			mainGroup = FC6FF1FB23F51A1400121C0B;
			productRefGroup = FC6FF20523F51A1400121C0B /* Products */;
			projectDirPath = "";
			projectRoot = "";
			targets = (
				FC6FF20323F51A1400121C0B /* Endediting Touches Began */,
			);
		};
/* End PBXProject section */

/* Begin PBXResourcesBuildPhase section */
		FC6FF20223F51A1400121C0B /* Resources */ = {
			isa = PBXResourcesBuildPhase;
			buildActionMask = 2147483647;
			files = (
				FC6FF21423F51A1A00121C0B /* LaunchScreen.storyboard in Resources */,
				FC6FF21123F51A1A00121C0B /* Assets.xcassets in Resources */,
				FC6FF20F23F51A1400121C0B /* Main.storyboard in Resources */,
			);
			runOnlyForDeploymentPostprocessing = 0;
		};
/* End PBXResourcesBuildPhase section */

/* Begin PBXSourcesBuildPhase section */
		FC6FF20023F51A1400121C0B /* Sources */ = {
			isa = PBXSourcesBuildPhase;
			buildActionMask = 2147483647;
			files = (
				FC6FF20C23F51A1400121C0B /* ViewController.swift in Sources */,
				FC6FF20823F51A1400121C0B /* AppDelegate.swift in Sources */,
				FC6FF20A23F51A1400121C0B /* SceneDelegate.swift in Sources */,
			);
			runOnlyForDeploymentPostprocessing = 0;
		};
/* End PBXSourcesBuildPhase section */

/* Begin PBXVariantGroup section */
		FC6FF20D23F51A1400121C0B /* Main.storyboard */ = {
			isa = PBXVariantGroup;
			children = (
				FC6FF20E23F51A1400121C0B /* Base */,
			);
			name = Main.storyboard;
			sourceTree = "<group>";
		};
		FC6FF21223F51A1A00121C0B /* LaunchScreen.storyboard */ = {
			isa = PBXVariantGroup;
			children = (
				FC6FF21323F51A1A00121C0B /* Base */,
			);
			name = LaunchScreen.storyboard;
			sourceTree = "<group>";
		};
/* End PBXVariantGroup section */

/* Begin XCBuildConfiguration section */
		FC6FF21623F51A1A00121C0B /* Debug */ = {
			isa = XCBuildConfiguration;
			buildSettings = {
				ALWAYS_SEARCH_USER_PATHS = NO;
				CLANG_ANALYZER_NONNULL = YES;
				CLANG_ANALYZER_NUMBER_OBJECT_CONVERSION = YES_AGGRESSIVE;
				CLANG_CXX_LANGUAGE_STANDARD = "gnu++14";
				CLANG_CXX_LIBRARY = "libc++";
				CLANG_ENABLE_MODULES = YES;
				CLANG_ENABLE_OBJC_ARC = YES;
				CLANG_ENABLE_OBJC_WEAK = YES;
				CLANG_WARN_BLOCK_CAPTURE_AUTORELEASING = YES;
				CLANG_WARN_BOOL_CONVERSION = YES;
				CLANG_WARN_COMMA = YES;
				CLANG_WARN_CONSTANT_CONVERSION = YES;
				CLANG_WARN_DEPRECATED_OBJC_IMPLEMENTATIONS = YES;
				CLANG_WARN_DIRECT_OBJC_ISA_USAGE = YES_ERROR;
				CLANG_WARN_DOCUMENTATION_COMMENTS = YES;
				CLANG_WARN_EMPTY_BODY = YES;
				CLANG_WARN_ENUM_CONVERSION = YES;
				CLANG_WARN_INFINITE_RECURSION = YES;
				CLANG_WARN_INT_CONVERSION = YES;
				CLANG_WARN_NON_LITERAL_NULL_CONVERSION = YES;
				CLANG_WARN_OBJC_IMPLICIT_RETAIN_SELF = YES;
				CLANG_WARN_OBJC_LITERAL_CONVERSION = YES;
				CLANG_WARN_OBJC_ROOT_CLASS = YES_ERROR;
				CLANG_WARN_RANGE_LOOP_ANALYSIS = YES;
				CLANG_WARN_STRICT_PROTOTYPES = YES;
				CLANG_WARN_SUSPICIOUS_MOVE = YES;
				CLANG_WARN_UNGUARDED_AVAILABILITY = YES_AGGRESSIVE;
				CLANG_WARN_UNREACHABLE_CODE = YES;
				CLANG_WARN__DUPLICATE_METHOD_MATCH = YES;
				COPY_PHASE_STRIP = NO;
				DEBUG_INFORMATION_FORMAT = dwarf;
				ENABLE_STRICT_OBJC_MSGSEND = YES;
				ENABLE_TESTABILITY = YES;
				GCC_C_LANGUAGE_STANDARD = gnu11;
				GCC_DYNAMIC_NO_PIC = NO;
				GCC_NO_COMMON_BLOCKS = YES;
				GCC_OPTIMIZATION_LEVEL = 0;
				GCC_PREPROCESSOR_DEFINITIONS = (
					"DEBUG=1",
					"$(inherited)",
				);
				GCC_WARN_64_TO_32_BIT_CONVERSION = YES;
				GCC_WARN_ABOUT_RETURN_TYPE = YES_ERROR;
				GCC_WARN_UNDECLARED_SELECTOR = YES;
				GCC_WARN_UNINITIALIZED_AUTOS = YES_AGGRESSIVE;
				GCC_WARN_UNUSED_FUNCTION = YES;
				GCC_WARN_UNUSED_VARIABLE = YES;
				IPHONEOS_DEPLOYMENT_TARGET = 13.2;
				MTL_ENABLE_DEBUG_INFO = INCLUDE_SOURCE;
				MTL_FAST_MATH = YES;
				ONLY_ACTIVE_ARCH = YES;
				SDKROOT = iphoneos;
				SWIFT_ACTIVE_COMPILATION_CONDITIONS = DEBUG;
				SWIFT_OPTIMIZATION_LEVEL = "-Onone";
			};
			name = Debug;
		};
		FC6FF21723F51A1A00121C0B /* Release */ = {
			isa = XCBuildConfiguration;
			buildSettings = {
				ALWAYS_SEARCH_USER_PATHS = NO;
				CLANG_ANALYZER_NONNULL = YES;
				CLANG_ANALYZER_NUMBER_OBJECT_CONVERSION = YES_AGGRESSIVE;
				CLANG_CXX_LANGUAGE_STANDARD = "gnu++14";
				CLANG_CXX_LIBRARY = "libc++";
				CLANG_ENABLE_MODULES = YES;
				CLANG_ENABLE_OBJC_ARC = YES;
				CLANG_ENABLE_OBJC_WEAK = YES;
				CLANG_WARN_BLOCK_CAPTURE_AUTORELEASING = YES;
				CLANG_WARN_BOOL_CONVERSION = YES;
				CLANG_WARN_COMMA = YES;
				CLANG_WARN_CONSTANT_CONVERSION = YES;
				CLANG_WARN_DEPRECATED_OBJC_IMPLEMENTATIONS = YES;
				CLANG_WARN_DIRECT_OBJC_ISA_USAGE = YES_ERROR;
				CLANG_WARN_DOCUMENTATION_COMMENTS = YES;
				CLANG_WARN_EMPTY_BODY = YES;
				CLANG_WARN_ENUM_CONVERSION = YES;
				CLANG_WARN_INFINITE_RECURSION = YES;
				CLANG_WARN_INT_CONVERSION = YES;
				CLANG_WARN_NON_LITERAL_NULL_CONVERSION = YES;
				CLANG_WARN_OBJC_IMPLICIT_RETAIN_SELF = YES;
				CLANG_WARN_OBJC_LITERAL_CONVERSION = YES;
				CLANG_WARN_OBJC_ROOT_CLASS = YES_ERROR;
				CLANG_WARN_RANGE_LOOP_ANALYSIS = YES;
				CLANG_WARN_STRICT_PROTOTYPES = YES;
				CLANG_WARN_SUSPICIOUS_MOVE = YES;
				CLANG_WARN_UNGUARDED_AVAILABILITY = YES_AGGRESSIVE;
				CLANG_WARN_UNREACHABLE_CODE = YES;
				CLANG_WARN__DUPLICATE_METHOD_MATCH = YES;
				COPY_PHASE_STRIP = NO;
				DEBUG_INFORMATION_FORMAT = "dwarf-with-dsym";
				ENABLE_NS_ASSERTIONS = NO;
				ENABLE_STRICT_OBJC_MSGSEND = YES;
				GCC_C_LANGUAGE_STANDARD = gnu11;
				GCC_NO_COMMON_BLOCKS = YES;
				GCC_WARN_64_TO_32_BIT_CONVERSION = YES;
				GCC_WARN_ABOUT_RETURN_TYPE = YES_ERROR;
				GCC_WARN_UNDECLARED_SELECTOR = YES;
				GCC_WARN_UNINITIALIZED_AUTOS = YES_AGGRESSIVE;
				GCC_WARN_UNUSED_FUNCTION = YES;
				GCC_WARN_UNUSED_VARIABLE = YES;
				IPHONEOS_DEPLOYMENT_TARGET = 13.2;
				MTL_ENABLE_DEBUG_INFO = NO;
				MTL_FAST_MATH = YES;
				SDKROOT = iphoneos;
				SWIFT_COMPILATION_MODE = wholemodule;
				SWIFT_OPTIMIZATION_LEVEL = "-O";
				VALIDATE_PRODUCT = YES;
			};
			name = Release;
		};
		FC6FF21923F51A1A00121C0B /* Debug */ = {
			isa = XCBuildConfiguration;
			buildSettings = {
				ASSETCATALOG_COMPILER_APPICON_NAME = AppIcon;
				CODE_SIGN_STYLE = Automatic;
				INFOPLIST_FILE = "Endediting Touches Began/Info.plist";
				LD_RUNPATH_SEARCH_PATHS = (
					"$(inherited)",
					"@executable_path/Frameworks",
				);
				PRODUCT_BUNDLE_IDENTIFIER = "com.Endediting-Touches-Began";
				PRODUCT_NAME = "$(TARGET_NAME)";
				SWIFT_VERSION = 5.0;
				TARGETED_DEVICE_FAMILY = "1,2";
			};
			name = Debug;
		};
		FC6FF21A23F51A1A00121C0B /* Release */ = {
			isa = XCBuildConfiguration;
			buildSettings = {
				ASSETCATALOG_COMPILER_APPICON_NAME = AppIcon;
				CODE_SIGN_STYLE = Automatic;
				INFOPLIST_FILE = "Endediting Touches Began/Info.plist";
				LD_RUNPATH_SEARCH_PATHS = (
					"$(inherited)",
					"@executable_path/Frameworks",
				);
				PRODUCT_BUNDLE_IDENTIFIER = "com.Endediting-Touches-Began";
				PRODUCT_NAME = "$(TARGET_NAME)";
				SWIFT_VERSION = 5.0;
				TARGETED_DEVICE_FAMILY = "1,2";
			};
			name = Release;
		};
/* End XCBuildConfiguration section */

/* Begin XCConfigurationList section */
		FC6FF1FF23F51A1400121C0B /* Build configuration list for PBXProject "Endediting Touches Began" */ = {
			isa = XCConfigurationList;
			buildConfigurations = (
				FC6FF21623F51A1A00121C0B /* Debug */,
				FC6FF21723F51A1A00121C0B /* Release */,
			);
			defaultConfigurationIsVisible = 0;
			defaultConfigurationName = Release;
		};
		FC6FF21823F51A1A00121C0B /* Build configuration list for PBXNativeTarget "Endediting Touches Began" */ = {
			isa = XCConfigurationList;
			buildConfigurations = (
				FC6FF21923F51A1A00121C0B /* Debug */,
				FC6FF21A23F51A1A00121C0B /* Release */,
			);
			defaultConfigurationIsVisible = 0;
			defaultConfigurationName = Release;
		};
/* End XCConfigurationList section */
	};
	rootObject = FC6FF1FC23F51A1400121C0B /* Project object */;
}
