// !$*UTF8*$!
{
	archiveVersion = 1;
	classes = {
	};
	objectVersion = 50;
	objects = {

/* Begin PBXBuildFile section */
		FC4C6F8D23F3CD0700BE8D49 /* AppDelegate.swift in Sources */ = {isa = PBXBuildFile; fileRef = FC4C6F8C23F3CD0700BE8D49 /* AppDelegate.swift */; };
		FC4C6F8F23F3CD0700BE8D49 /* SceneDelegate.swift in Sources */ = {isa = PBXBuildFile; fileRef = FC4C6F8E23F3CD0700BE8D49 /* SceneDelegate.swift */; };
		FC4C6F9123F3CD0700BE8D49 /* ViewController.swift in Sources */ = {isa = PBXBuildFile; fileRef = FC4C6F9023F3CD0700BE8D49 /* ViewController.swift */; };
		FC4C6F9423F3CD0800BE8D49 /* Main.storyboard in Resources */ = {isa = PBXBuildFile; fileRef = FC4C6F9223F3CD0800BE8D49 /* Main.storyboard */; };
		FC4C6F9623F3CD0A00BE8D49 /* Assets.xcassets in Resources */ = {isa = PBXBuildFile; fileRef = FC4C6F9523F3CD0A00BE8D49 /* Assets.xcassets */; };
		FC4C6F9923F3CD0A00BE8D49 /* LaunchScreen.storyboard in Resources */ = {isa = PBXBuildFile; fileRef = FC4C6F9723F3CD0A00BE8D49 /* LaunchScreen.storyboard */; };
		FC4C6FA123F3D38900BE8D49 /* CollectionViewCell.swift in Sources */ = {isa = PBXBuildFile; fileRef = FC4C6FA023F3D38900BE8D49 /* CollectionViewCell.swift */; };
/* End PBXBuildFile section */

/* Begin PBXFileReference section */
		FC4C6F8923F3CD0700BE8D49 /* AutoScrollerImage.app */ = {isa = PBXFileReference; explicitFileType = wrapper.application; includeInIndex = 0; path = AutoScrollerImage.app; sourceTree = BUILT_PRODUCTS_DIR; };
		FC4C6F8C23F3CD0700BE8D49 /* AppDelegate.swift */ = {isa = PBXFileReference; lastKnownFileType = sourcecode.swift; path = AppDelegate.swift; sourceTree = "<group>"; };
		FC4C6F8E23F3CD0700BE8D49 /* SceneDelegate.swift */ = {isa = PBXFileReference; lastKnownFileType = sourcecode.swift; path = SceneDelegate.swift; sourceTree = "<group>"; };
		FC4C6F9023F3CD0700BE8D49 /* ViewController.swift */ = {isa = PBXFileReference; lastKnownFileType = sourcecode.swift; path = ViewController.swift; sourceTree = "<group>"; };
		FC4C6F9323F3CD0800BE8D49 /* Base */ = {isa = PBXFileReference; lastKnownFileType = file.storyboard; name = Base; path = Base.lproj/Main.storyboard; sourceTree = "<group>"; };
		FC4C6F9523F3CD0A00BE8D49 /* Assets.xcassets */ = {isa = PBXFileReference; lastKnownFileType = folder.assetcatalog; path = Assets.xcassets; sourceTree = "<group>"; };
		FC4C6F9823F3CD0A00BE8D49 /* Base */ = {isa = PBXFileReference; lastKnownFileType = file.storyboard; name = Base; path = Base.lproj/LaunchScreen.storyboard; sourceTree = "<group>"; };
		FC4C6F9A23F3CD0A00BE8D49 /* Info.plist */ = {isa = PBXFileReference; lastKnownFileType = text.plist.xml; path = Info.plist; sourceTree = "<group>"; };
		FC4C6FA023F3D38900BE8D49 /* CollectionViewCell.swift */ = {isa = PBXFileReference; lastKnownFileType = sourcecode.swift; path = CollectionViewCell.swift; sourceTree = "<group>"; };
/* End PBXFileReference section */

/* Begin PBXFrameworksBuildPhase section */
		FC4C6F8623F3CD0700BE8D49 /* Frameworks */ = {
			isa = PBXFrameworksBuildPhase;
			buildActionMask = 2147483647;
			files = (
			);
			runOnlyForDeploymentPostprocessing = 0;
		};
/* End PBXFrameworksBuildPhase section */

/* Begin PBXGroup section */
		FC4C6F8023F3CD0700BE8D49 = {
			isa = PBXGroup;
			children = (
				FC4C6F8B23F3CD0700BE8D49 /* AutoScrollerImage */,
				FC4C6F8A23F3CD0700BE8D49 /* Products */,
			);
			sourceTree = "<group>";
		};
		FC4C6F8A23F3CD0700BE8D49 /* Products */ = {
			isa = PBXGroup;
			children = (
				FC4C6F8923F3CD0700BE8D49 /* AutoScrollerImage.app */,
			);
			name = Products;
			sourceTree = "<group>";
		};
		FC4C6F8B23F3CD0700BE8D49 /* AutoScrollerImage */ = {
			isa = PBXGroup;
			children = (
				FC4C6F8C23F3CD0700BE8D49 /* AppDelegate.swift */,
				FC4C6F8E23F3CD0700BE8D49 /* SceneDelegate.swift */,
				FC4C6F9023F3CD0700BE8D49 /* ViewController.swift */,
				FC4C6F9223F3CD0800BE8D49 /* Main.storyboard */,
				FC4C6F9523F3CD0A00BE8D49 /* Assets.xcassets */,
				FC4C6F9723F3CD0A00BE8D49 /* LaunchScreen.storyboard */,
				FC4C6F9A23F3CD0A00BE8D49 /* Info.plist */,
				FC4C6FA023F3D38900BE8D49 /* CollectionViewCell.swift */,
			);
			path = AutoScrollerImage;
			sourceTree = "<group>";
		};
/* End PBXGroup section */

/* Begin PBXNativeTarget section */
		FC4C6F8823F3CD0700BE8D49 /* AutoScrollerImage */ = {
			isa = PBXNativeTarget;
			buildConfigurationList = FC4C6F9D23F3CD0A00BE8D49 /* Build configuration list for PBXNativeTarget "AutoScrollerImage" */;
			buildPhases = (
				FC4C6F8523F3CD0700BE8D49 /* Sources */,
				FC4C6F8623F3CD0700BE8D49 /* Frameworks */,
				FC4C6F8723F3CD0700BE8D49 /* Resources */,
			);
			buildRules = (
			);
			dependencies = (
			);
			name = AutoScrollerImage;
			productName = AutoScrollerImage;
			productReference = FC4C6F8923F3CD0700BE8D49 /* AutoScrollerImage.app */;
			productType = "com.apple.product-type.application";
		};
/* End PBXNativeTarget section */

/* Begin PBXProject section */
		FC4C6F8123F3CD0700BE8D49 /* Project object */ = {
			isa = PBXProject;
			attributes = {
				LastSwiftUpdateCheck = 1130;
				LastUpgradeCheck = 1130;
				ORGANIZATIONNAME = "A.K.M. Sazzad Hossain";
				TargetAttributes = {
					FC4C6F8823F3CD0700BE8D49 = {
						CreatedOnToolsVersion = 11.3;
					};
				};
			};
			buildConfigurationList = FC4C6F8423F3CD0700BE8D49 /* Build configuration list for PBXProject "AutoScrollerImage" */;
			compatibilityVersion = "Xcode 9.3";
			developmentRegion = en;
			hasScannedForEncodings = 0;
			knownRegions = (
				en,
				Base,
			);
			mainGroup = FC4C6F8023F3CD0700BE8D49;
			productRefGroup = FC4C6F8A23F3CD0700BE8D49 /* Products */;
			projectDirPath = "";
			projectRoot = "";
			targets = (
				FC4C6F8823F3CD0700BE8D49 /* AutoScrollerImage */,
			);
		};
/* End PBXProject section */

/* Begin PBXResourcesBuildPhase section */
		FC4C6F8723F3CD0700BE8D49 /* Resources */ = {
			isa = PBXResourcesBuildPhase;
			buildActionMask = 2147483647;
			files = (
				FC4C6F9923F3CD0A00BE8D49 /* LaunchScreen.storyboard in Resources */,
				FC4C6F9623F3CD0A00BE8D49 /* Assets.xcassets in Resources */,
				FC4C6F9423F3CD0800BE8D49 /* Main.storyboard in Resources */,
			);
			runOnlyForDeploymentPostprocessing = 0;
		};
/* End PBXResourcesBuildPhase section */

/* Begin PBXSourcesBuildPhase section */
		FC4C6F8523F3CD0700BE8D49 /* Sources */ = {
			isa = PBXSourcesBuildPhase;
			buildActionMask = 2147483647;
			files = (
				FC4C6F9123F3CD0700BE8D49 /* ViewController.swift in Sources */,
				FC4C6F8D23F3CD0700BE8D49 /* AppDelegate.swift in Sources */,
				FC4C6FA123F3D38900BE8D49 /* CollectionViewCell.swift in Sources */,
				FC4C6F8F23F3CD0700BE8D49 /* SceneDelegate.swift in Sources */,
			);
			runOnlyForDeploymentPostprocessing = 0;
		};
/* End PBXSourcesBuildPhase section */

/* Begin PBXVariantGroup section */
		FC4C6F9223F3CD0800BE8D49 /* Main.storyboard */ = {
			isa = PBXVariantGroup;
			children = (
				FC4C6F9323F3CD0800BE8D49 /* Base */,
			);
			name = Main.storyboard;
			sourceTree = "<group>";
		};
		FC4C6F9723F3CD0A00BE8D49 /* LaunchScreen.storyboard */ = {
			isa = PBXVariantGroup;
			children = (
				FC4C6F9823F3CD0A00BE8D49 /* Base */,
			);
			name = LaunchScreen.storyboard;
			sourceTree = "<group>";
		};
/* End PBXVariantGroup section */

/* Begin XCBuildConfiguration section */
		FC4C6F9B23F3CD0A00BE8D49 /* Debug */ = {
			isa = XCBuildConfiguration;
			buildSettings = {
				ALWAYS_SEARCH_USER_PATHS = NO;
				CLANG_ANALYZER_NONNULL = YES;
				CLANG_ANALYZER_NUMBER_OBJECT_CONVERSION = YES_AGGRESSIVE;
				CLANG_CXX_LANGUAGE_STANDARD = "gnu++14";
				CLANG_CXX_LIBRARY = "libc++";
				CLANG_ENABLE_MODULES = YES;
				CLANG_ENABLE_OBJC_ARC = YES;
				CLANG_ENABLE_OBJC_WEAK = YES;
				CLANG_WARN_BLOCK_CAPTURE_AUTORELEASING = YES;
				CLANG_WARN_BOOL_CONVERSION = YES;
				CLANG_WARN_COMMA = YES;
				CLANG_WARN_CONSTANT_CONVERSION = YES;
				CLANG_WARN_DEPRECATED_OBJC_IMPLEMENTATIONS = YES;
				CLANG_WARN_DIRECT_OBJC_ISA_USAGE = YES_ERROR;
				CLANG_WARN_DOCUMENTATION_COMMENTS = YES;
				CLANG_WARN_EMPTY_BODY = YES;
				CLANG_WARN_ENUM_CONVERSION = YES;
				CLANG_WARN_INFINITE_RECURSION = YES;
				CLANG_WARN_INT_CONVERSION = YES;
				CLANG_WARN_NON_LITERAL_NULL_CONVERSION = YES;
				CLANG_WARN_OBJC_IMPLICIT_RETAIN_SELF = YES;
				CLANG_WARN_OBJC_LITERAL_CONVERSION = YES;
				CLANG_WARN_OBJC_ROOT_CLASS = YES_ERROR;
				CLANG_WARN_RANGE_LOOP_ANALYSIS = YES;
				CLANG_WARN_STRICT_PROTOTYPES = YES;
				CLANG_WARN_SUSPICIOUS_MOVE = YES;
				CLANG_WARN_UNGUARDED_AVAILABILITY = YES_AGGRESSIVE;
				CLANG_WARN_UNREACHABLE_CODE = YES;
				CLANG_WARN__DUPLICATE_METHOD_MATCH = YES;
				COPY_PHASE_STRIP = NO;
				DEBUG_INFORMATION_FORMAT = dwarf;
				ENABLE_STRICT_OBJC_MSGSEND = YES;
				ENABLE_TESTABILITY = YES;
				GCC_C_LANGUAGE_STANDARD = gnu11;
				GCC_DYNAMIC_NO_PIC = NO;
				GCC_NO_COMMON_BLOCKS = YES;
				GCC_OPTIMIZATION_LEVEL = 0;
				GCC_PREPROCESSOR_DEFINITIONS = (
					"DEBUG=1",
					"$(inherited)",
				);
				GCC_WARN_64_TO_32_BIT_CONVERSION = YES;
				GCC_WARN_ABOUT_RETURN_TYPE = YES_ERROR;
				GCC_WARN_UNDECLARED_SELECTOR = YES;
				GCC_WARN_UNINITIALIZED_AUTOS = YES_AGGRESSIVE;
				GCC_WARN_UNUSED_FUNCTION = YES;
				GCC_WARN_UNUSED_VARIABLE = YES;
				IPHONEOS_DEPLOYMENT_TARGET = 13.2;
				MTL_ENABLE_DEBUG_INFO = INCLUDE_SOURCE;
				MTL_FAST_MATH = YES;
				ONLY_ACTIVE_ARCH = YES;
				SDKROOT = iphoneos;
				SWIFT_ACTIVE_COMPILATION_CONDITIONS = DEBUG;
				SWIFT_OPTIMIZATION_LEVEL = "-Onone";
			};
			name = Debug;
		};
		FC4C6F9C23F3CD0A00BE8D49 /* Release */ = {
			isa = XCBuildConfiguration;
			buildSettings = {
				ALWAYS_SEARCH_USER_PATHS = NO;
				CLANG_ANALYZER_NONNULL = YES;
				CLANG_ANALYZER_NUMBER_OBJECT_CONVERSION = YES_AGGRESSIVE;
				CLANG_CXX_LANGUAGE_STANDARD = "gnu++14";
				CLANG_CXX_LIBRARY = "libc++";
				CLANG_ENABLE_MODULES = YES;
				CLANG_ENABLE_OBJC_ARC = YES;
				CLANG_ENABLE_OBJC_WEAK = YES;
				CLANG_WARN_BLOCK_CAPTURE_AUTORELEASING = YES;
				CLANG_WARN_BOOL_CONVERSION = YES;
				CLANG_WARN_COMMA = YES;
				CLANG_WARN_CONSTANT_CONVERSION = YES;
				CLANG_WARN_DEPRECATED_OBJC_IMPLEMENTATIONS = YES;
				CLANG_WARN_DIRECT_OBJC_ISA_USAGE = YES_ERROR;
				CLANG_WARN_DOCUMENTATION_COMMENTS = YES;
				CLANG_WARN_EMPTY_BODY = YES;
				CLANG_WARN_ENUM_CONVERSION = YES;
				CLANG_WARN_INFINITE_RECURSION = YES;
				CLANG_WARN_INT_CONVERSION = YES;
				CLANG_WARN_NON_LITERAL_NULL_CONVERSION = YES;
				CLANG_WARN_OBJC_IMPLICIT_RETAIN_SELF = YES;
				CLANG_WARN_OBJC_LITERAL_CONVERSION = YES;
				CLANG_WARN_OBJC_ROOT_CLASS = YES_ERROR;
				CLANG_WARN_RANGE_LOOP_ANALYSIS = YES;
				CLANG_WARN_STRICT_PROTOTYPES = YES;
				CLANG_WARN_SUSPICIOUS_MOVE = YES;
				CLANG_WARN_UNGUARDED_AVAILABILITY = YES_AGGRESSIVE;
				CLANG_WARN_UNREACHABLE_CODE = YES;
				CLANG_WARN__DUPLICATE_METHOD_MATCH = YES;
				COPY_PHASE_STRIP = NO;
				DEBUG_INFORMATION_FORMAT = "dwarf-with-dsym";
				ENABLE_NS_ASSERTIONS = NO;
				ENABLE_STRICT_OBJC_MSGSEND = YES;
				GCC_C_LANGUAGE_STANDARD = gnu11;
				GCC_NO_COMMON_BLOCKS = YES;
				GCC_WARN_64_TO_32_BIT_CONVERSION = YES;
				GCC_WARN_ABOUT_RETURN_TYPE = YES_ERROR;
				GCC_WARN_UNDECLARED_SELECTOR = YES;
				GCC_WARN_UNINITIALIZED_AUTOS = YES_AGGRESSIVE;
				GCC_WARN_UNUSED_FUNCTION = YES;
				GCC_WARN_UNUSED_VARIABLE = YES;
				IPHONEOS_DEPLOYMENT_TARGET = 13.2;
				MTL_ENABLE_DEBUG_INFO = NO;
				MTL_FAST_MATH = YES;
				SDKROOT = iphoneos;
				SWIFT_COMPILATION_MODE = wholemodule;
				SWIFT_OPTIMIZATION_LEVEL = "-O";
				VALIDATE_PRODUCT = YES;
			};
			name = Release;
		};
		FC4C6F9E23F3CD0A00BE8D49 /* Debug */ = {
			isa = XCBuildConfiguration;
			buildSettings = {
				ASSETCATALOG_COMPILER_APPICON_NAME = AppIcon;
				CODE_SIGN_STYLE = Automatic;
				INFOPLIST_FILE = AutoScrollerImage/Info.plist;
				LD_RUNPATH_SEARCH_PATHS = (
					"$(inherited)",
					"@executable_path/Frameworks",
				);
				PRODUCT_BUNDLE_IDENTIFIER = com.AutoScrollerImage;
				PRODUCT_NAME = "$(TARGET_NAME)";
				SWIFT_VERSION = 5.0;
				TARGETED_DEVICE_FAMILY = "1,2";
			};
			name = Debug;
		};
		FC4C6F9F23F3CD0A00BE8D49 /* Release */ = {
			isa = XCBuildConfiguration;
			buildSettings = {
				ASSETCATALOG_COMPILER_APPICON_NAME = AppIcon;
				CODE_SIGN_STYLE = Automatic;
				INFOPLIST_FILE = AutoScrollerImage/Info.plist;
				LD_RUNPATH_SEARCH_PATHS = (
					"$(inherited)",
					"@executable_path/Frameworks",
				);
				PRODUCT_BUNDLE_IDENTIFIER = com.AutoScrollerImage;
				PRODUCT_NAME = "$(TARGET_NAME)";
				SWIFT_VERSION = 5.0;
				TARGETED_DEVICE_FAMILY = "1,2";
			};
			name = Release;
		};
/* End XCBuildConfiguration section */

/* Begin XCConfigurationList section */
		FC4C6F8423F3CD0700BE8D49 /* Build configuration list for PBXProject "AutoScrollerImage" */ = {
			isa = XCConfigurationList;
			buildConfigurations = (
				FC4C6F9B23F3CD0A00BE8D49 /* Debug */,
				FC4C6F9C23F3CD0A00BE8D49 /* Release */,
			);
			defaultConfigurationIsVisible = 0;
			defaultConfigurationName = Release;
		};
		FC4C6F9D23F3CD0A00BE8D49 /* Build configuration list for PBXNativeTarget "AutoScrollerImage" */ = {
			isa = XCConfigurationList;
			buildConfigurations = (
				FC4C6F9E23F3CD0A00BE8D49 /* Debug */,
				FC4C6F9F23F3CD0A00BE8D49 /* Release */,
			);
			defaultConfigurationIsVisible = 0;
			defaultConfigurationName = Release;
		};
/* End XCConfigurationList section */
	};
	rootObject = FC4C6F8123F3CD0700BE8D49 /* Project object */;
}
