// !$*UTF8*$!
{
	archiveVersion = 1;
	classes = {
	};
	objectVersion = 50;
	objects = {

/* Begin PBXBuildFile section */
		B2F7364B241A226300E45F64 /* AppDelegate.swift in Sources */ = {isa = PBXBuildFile; fileRef = B2F7364A241A226300E45F64 /* AppDelegate.swift */; };
		B2F7364D241A226300E45F64 /* SceneDelegate.swift in Sources */ = {isa = PBXBuildFile; fileRef = B2F7364C241A226300E45F64 /* SceneDelegate.swift */; };
		B2F7364F241A226300E45F64 /* ViewController.swift in Sources */ = {isa = PBXBuildFile; fileRef = B2F7364E241A226300E45F64 /* ViewController.swift */; };
		B2F73652241A226300E45F64 /* Main.storyboard in Resources */ = {isa = PBXBuildFile; fileRef = B2F73650241A226300E45F64 /* Main.storyboard */; };
		B2F73654241A226600E45F64 /* Assets.xcassets in Resources */ = {isa = PBXBuildFile; fileRef = B2F73653241A226600E45F64 /* Assets.xcassets */; };
		B2F73657241A226600E45F64 /* LaunchScreen.storyboard in Resources */ = {isa = PBXBuildFile; fileRef = B2F73655241A226600E45F64 /* LaunchScreen.storyboard */; };
		B2F7365F241A22FD00E45F64 /* ContrainerVC1.swift in Sources */ = {isa = PBXBuildFile; fileRef = B2F7365E241A22FD00E45F64 /* ContrainerVC1.swift */; };
		B2F73661241A256500E45F64 /* ContrainerVC2.swift in Sources */ = {isa = PBXBuildFile; fileRef = B2F73660241A256500E45F64 /* ContrainerVC2.swift */; };
/* End PBXBuildFile section */

/* Begin PBXFileReference section */
		B2F73647241A226300E45F64 /* ContrainerTest.app */ = {isa = PBXFileReference; explicitFileType = wrapper.application; includeInIndex = 0; path = ContrainerTest.app; sourceTree = BUILT_PRODUCTS_DIR; };
		B2F7364A241A226300E45F64 /* AppDelegate.swift */ = {isa = PBXFileReference; lastKnownFileType = sourcecode.swift; path = AppDelegate.swift; sourceTree = "<group>"; };
		B2F7364C241A226300E45F64 /* SceneDelegate.swift */ = {isa = PBXFileReference; lastKnownFileType = sourcecode.swift; path = SceneDelegate.swift; sourceTree = "<group>"; };
		B2F7364E241A226300E45F64 /* ViewController.swift */ = {isa = PBXFileReference; lastKnownFileType = sourcecode.swift; path = ViewController.swift; sourceTree = "<group>"; };
		B2F73651241A226300E45F64 /* Base */ = {isa = PBXFileReference; lastKnownFileType = file.storyboard; name = Base; path = Base.lproj/Main.storyboard; sourceTree = "<group>"; };
		B2F73653241A226600E45F64 /* Assets.xcassets */ = {isa = PBXFileReference; lastKnownFileType = folder.assetcatalog; path = Assets.xcassets; sourceTree = "<group>"; };
		B2F73656241A226600E45F64 /* Base */ = {isa = PBXFileReference; lastKnownFileType = file.storyboard; name = Base; path = Base.lproj/LaunchScreen.storyboard; sourceTree = "<group>"; };
		B2F73658241A226600E45F64 /* Info.plist */ = {isa = PBXFileReference; lastKnownFileType = text.plist.xml; path = Info.plist; sourceTree = "<group>"; };
		B2F7365E241A22FD00E45F64 /* ContrainerVC1.swift */ = {isa = PBXFileReference; lastKnownFileType = sourcecode.swift; path = ContrainerVC1.swift; sourceTree = "<group>"; };
		B2F73660241A256500E45F64 /* ContrainerVC2.swift */ = {isa = PBXFileReference; lastKnownFileType = sourcecode.swift; path = ContrainerVC2.swift; sourceTree = "<group>"; };
/* End PBXFileReference section */

/* Begin PBXFrameworksBuildPhase section */
		B2F73644241A226300E45F64 /* Frameworks */ = {
			isa = PBXFrameworksBuildPhase;
			buildActionMask = 2147483647;
			files = (
			);
			runOnlyForDeploymentPostprocessing = 0;
		};
/* End PBXFrameworksBuildPhase section */

/* Begin PBXGroup section */
		B2F7363E241A226300E45F64 = {
			isa = PBXGroup;
			children = (
				B2F73649241A226300E45F64 /* ContrainerTest */,
				B2F73648241A226300E45F64 /* Products */,
			);
			sourceTree = "<group>";
		};
		B2F73648241A226300E45F64 /* Products */ = {
			isa = PBXGroup;
			children = (
				B2F73647241A226300E45F64 /* ContrainerTest.app */,
			);
			name = Products;
			sourceTree = "<group>";
		};
		B2F73649241A226300E45F64 /* ContrainerTest */ = {
			isa = PBXGroup;
			children = (
				B2F7364A241A226300E45F64 /* AppDelegate.swift */,
				B2F7364C241A226300E45F64 /* SceneDelegate.swift */,
				B2F7364E241A226300E45F64 /* ViewController.swift */,
				B2F73650241A226300E45F64 /* Main.storyboard */,
				B2F73653241A226600E45F64 /* Assets.xcassets */,
				B2F73655241A226600E45F64 /* LaunchScreen.storyboard */,
				B2F73658241A226600E45F64 /* Info.plist */,
				B2F7365E241A22FD00E45F64 /* ContrainerVC1.swift */,
				B2F73660241A256500E45F64 /* ContrainerVC2.swift */,
			);
			path = ContrainerTest;
			sourceTree = "<group>";
		};
/* End PBXGroup section */

/* Begin PBXNativeTarget section */
		B2F73646241A226300E45F64 /* ContrainerTest */ = {
			isa = PBXNativeTarget;
			buildConfigurationList = B2F7365B241A226600E45F64 /* Build configuration list for PBXNativeTarget "ContrainerTest" */;
			buildPhases = (
				B2F73643241A226300E45F64 /* Sources */,
				B2F73644241A226300E45F64 /* Frameworks */,
				B2F73645241A226300E45F64 /* Resources */,
			);
			buildRules = (
			);
			dependencies = (
			);
			name = ContrainerTest;
			productName = ContrainerTest;
			productReference = B2F73647241A226300E45F64 /* ContrainerTest.app */;
			productType = "com.apple.product-type.application";
		};
/* End PBXNativeTarget section */

/* Begin PBXProject section */
		B2F7363F241A226300E45F64 /* Project object */ = {
			isa = PBXProject;
			attributes = {
				LastSwiftUpdateCheck = 1130;
				LastUpgradeCheck = 1130;
				ORGANIZATIONNAME = RK;
				TargetAttributes = {
					B2F73646241A226300E45F64 = {
						CreatedOnToolsVersion = 11.3.1;
					};
				};
			};
			buildConfigurationList = B2F73642241A226300E45F64 /* Build configuration list for PBXProject "ContrainerTest" */;
			compatibilityVersion = "Xcode 9.3";
			developmentRegion = en;
			hasScannedForEncodings = 0;
			knownRegions = (
				en,
				Base,
			);
			mainGroup = B2F7363E241A226300E45F64;
			productRefGroup = B2F73648241A226300E45F64 /* Products */;
			projectDirPath = "";
			projectRoot = "";
			targets = (
				B2F73646241A226300E45F64 /* ContrainerTest */,
			);
		};
/* End PBXProject section */

/* Begin PBXResourcesBuildPhase section */
		B2F73645241A226300E45F64 /* Resources */ = {
			isa = PBXResourcesBuildPhase;
			buildActionMask = 2147483647;
			files = (
				B2F73657241A226600E45F64 /* LaunchScreen.storyboard in Resources */,
				B2F73654241A226600E45F64 /* Assets.xcassets in Resources */,
				B2F73652241A226300E45F64 /* Main.storyboard in Resources */,
			);
			runOnlyForDeploymentPostprocessing = 0;
		};
/* End PBXResourcesBuildPhase section */

/* Begin PBXSourcesBuildPhase section */
		B2F73643241A226300E45F64 /* Sources */ = {
			isa = PBXSourcesBuildPhase;
			buildActionMask = 2147483647;
			files = (
				B2F7364F241A226300E45F64 /* ViewController.swift in Sources */,
				B2F73661241A256500E45F64 /* ContrainerVC2.swift in Sources */,
				B2F7365F241A22FD00E45F64 /* ContrainerVC1.swift in Sources */,
				B2F7364B241A226300E45F64 /* AppDelegate.swift in Sources */,
				B2F7364D241A226300E45F64 /* SceneDelegate.swift in Sources */,
			);
			runOnlyForDeploymentPostprocessing = 0;
		};
/* End PBXSourcesBuildPhase section */

/* Begin PBXVariantGroup section */
		B2F73650241A226300E45F64 /* Main.storyboard */ = {
			isa = PBXVariantGroup;
			children = (
				B2F73651241A226300E45F64 /* Base */,
			);
			name = Main.storyboard;
			sourceTree = "<group>";
		};
		B2F73655241A226600E45F64 /* LaunchScreen.storyboard */ = {
			isa = PBXVariantGroup;
			children = (
				B2F73656241A226600E45F64 /* Base */,
			);
			name = LaunchScreen.storyboard;
			sourceTree = "<group>";
		};
/* End PBXVariantGroup section */

/* Begin XCBuildConfiguration section */
		B2F73659241A226600E45F64 /* Debug */ = {
			isa = XCBuildConfiguration;
			buildSettings = {
				ALWAYS_SEARCH_USER_PATHS = NO;
				CLANG_ANALYZER_NONNULL = YES;
				CLANG_ANALYZER_NUMBER_OBJECT_CONVERSION = YES_AGGRESSIVE;
				CLANG_CXX_LANGUAGE_STANDARD = "gnu++14";
				CLANG_CXX_LIBRARY = "libc++";
				CLANG_ENABLE_MODULES = YES;
				CLANG_ENABLE_OBJC_ARC = YES;
				CLANG_ENABLE_OBJC_WEAK = YES;
				CLANG_WARN_BLOCK_CAPTURE_AUTORELEASING = YES;
				CLANG_WARN_BOOL_CONVERSION = YES;
				CLANG_WARN_COMMA = YES;
				CLANG_WARN_CONSTANT_CONVERSION = YES;
				CLANG_WARN_DEPRECATED_OBJC_IMPLEMENTATIONS = YES;
				CLANG_WARN_DIRECT_OBJC_ISA_USAGE = YES_ERROR;
				CLANG_WARN_DOCUMENTATION_COMMENTS = YES;
				CLANG_WARN_EMPTY_BODY = YES;
				CLANG_WARN_ENUM_CONVERSION = YES;
				CLANG_WARN_INFINITE_RECURSION = YES;
				CLANG_WARN_INT_CONVERSION = YES;
				CLANG_WARN_NON_LITERAL_NULL_CONVERSION = YES;
				CLANG_WARN_OBJC_IMPLICIT_RETAIN_SELF = YES;
				CLANG_WARN_OBJC_LITERAL_CONVERSION = YES;
				CLANG_WARN_OBJC_ROOT_CLASS = YES_ERROR;
				CLANG_WARN_RANGE_LOOP_ANALYSIS = YES;
				CLANG_WARN_STRICT_PROTOTYPES = YES;
				CLANG_WARN_SUSPICIOUS_MOVE = YES;
				CLANG_WARN_UNGUARDED_AVAILABILITY = YES_AGGRESSIVE;
				CLANG_WARN_UNREACHABLE_CODE = YES;
				CLANG_WARN__DUPLICATE_METHOD_MATCH = YES;
				COPY_PHASE_STRIP = NO;
				DEBUG_INFORMATION_FORMAT = dwarf;
				ENABLE_STRICT_OBJC_MSGSEND = YES;
				ENABLE_TESTABILITY = YES;
				GCC_C_LANGUAGE_STANDARD = gnu11;
				GCC_DYNAMIC_NO_PIC = NO;
				GCC_NO_COMMON_BLOCKS = YES;
				GCC_OPTIMIZATION_LEVEL = 0;
				GCC_PREPROCESSOR_DEFINITIONS = (
					"DEBUG=1",
					"$(inherited)",
				);
				GCC_WARN_64_TO_32_BIT_CONVERSION = YES;
				GCC_WARN_ABOUT_RETURN_TYPE = YES_ERROR;
				GCC_WARN_UNDECLARED_SELECTOR = YES;
				GCC_WARN_UNINITIALIZED_AUTOS = YES_AGGRESSIVE;
				GCC_WARN_UNUSED_FUNCTION = YES;
				GCC_WARN_UNUSED_VARIABLE = YES;
				IPHONEOS_DEPLOYMENT_TARGET = 13.2;
				MTL_ENABLE_DEBUG_INFO = INCLUDE_SOURCE;
				MTL_FAST_MATH = YES;
				ONLY_ACTIVE_ARCH = YES;
				SDKROOT = iphoneos;
				SWIFT_ACTIVE_COMPILATION_CONDITIONS = DEBUG;
				SWIFT_OPTIMIZATION_LEVEL = "-Onone";
			};
			name = Debug;
		};
		B2F7365A241A226600E45F64 /* Release */ = {
			isa = XCBuildConfiguration;
			buildSettings = {
				ALWAYS_SEARCH_USER_PATHS = NO;
				CLANG_ANALYZER_NONNULL = YES;
				CLANG_ANALYZER_NUMBER_OBJECT_CONVERSION = YES_AGGRESSIVE;
				CLANG_CXX_LANGUAGE_STANDARD = "gnu++14";
				CLANG_CXX_LIBRARY = "libc++";
				CLANG_ENABLE_MODULES = YES;
				CLANG_ENABLE_OBJC_ARC = YES;
				CLANG_ENABLE_OBJC_WEAK = YES;
				CLANG_WARN_BLOCK_CAPTURE_AUTORELEASING = YES;
				CLANG_WARN_BOOL_CONVERSION = YES;
				CLANG_WARN_COMMA = YES;
				CLANG_WARN_CONSTANT_CONVERSION = YES;
				CLANG_WARN_DEPRECATED_OBJC_IMPLEMENTATIONS = YES;
				CLANG_WARN_DIRECT_OBJC_ISA_USAGE = YES_ERROR;
				CLANG_WARN_DOCUMENTATION_COMMENTS = YES;
				CLANG_WARN_EMPTY_BODY = YES;
				CLANG_WARN_ENUM_CONVERSION = YES;
				CLANG_WARN_INFINITE_RECURSION = YES;
				CLANG_WARN_INT_CONVERSION = YES;
				CLANG_WARN_NON_LITERAL_NULL_CONVERSION = YES;
				CLANG_WARN_OBJC_IMPLICIT_RETAIN_SELF = YES;
				CLANG_WARN_OBJC_LITERAL_CONVERSION = YES;
				CLANG_WARN_OBJC_ROOT_CLASS = YES_ERROR;
				CLANG_WARN_RANGE_LOOP_ANALYSIS = YES;
				CLANG_WARN_STRICT_PROTOTYPES = YES;
				CLANG_WARN_SUSPICIOUS_MOVE = YES;
				CLANG_WARN_UNGUARDED_AVAILABILITY = YES_AGGRESSIVE;
				CLANG_WARN_UNREACHABLE_CODE = YES;
				CLANG_WARN__DUPLICATE_METHOD_MATCH = YES;
				COPY_PHASE_STRIP = NO;
				DEBUG_INFORMATION_FORMAT = "dwarf-with-dsym";
				ENABLE_NS_ASSERTIONS = NO;
				ENABLE_STRICT_OBJC_MSGSEND = YES;
				GCC_C_LANGUAGE_STANDARD = gnu11;
				GCC_NO_COMMON_BLOCKS = YES;
				GCC_WARN_64_TO_32_BIT_CONVERSION = YES;
				GCC_WARN_ABOUT_RETURN_TYPE = YES_ERROR;
				GCC_WARN_UNDECLARED_SELECTOR = YES;
				GCC_WARN_UNINITIALIZED_AUTOS = YES_AGGRESSIVE;
				GCC_WARN_UNUSED_FUNCTION = YES;
				GCC_WARN_UNUSED_VARIABLE = YES;
				IPHONEOS_DEPLOYMENT_TARGET = 13.2;
				MTL_ENABLE_DEBUG_INFO = NO;
				MTL_FAST_MATH = YES;
				SDKROOT = iphoneos;
				SWIFT_COMPILATION_MODE = wholemodule;
				SWIFT_OPTIMIZATION_LEVEL = "-O";
				VALIDATE_PRODUCT = YES;
			};
			name = Release;
		};
		B2F7365C241A226600E45F64 /* Debug */ = {
			isa = XCBuildConfiguration;
			buildSettings = {
				ASSETCATALOG_COMPILER_APPICON_NAME = AppIcon;
				CODE_SIGN_STYLE = Automatic;
				DEVELOPMENT_TEAM = 34B2K95NY3;
				INFOPLIST_FILE = ContrainerTest/Info.plist;
				LD_RUNPATH_SEARCH_PATHS = (
					"$(inherited)",
					"@executable_path/Frameworks",
				);
				PRODUCT_BUNDLE_IDENTIFIER = rakib654258.ContrainerTest;
				PRODUCT_NAME = "$(TARGET_NAME)";
				SWIFT_VERSION = 5.0;
				TARGETED_DEVICE_FAMILY = "1,2";
			};
			name = Debug;
		};
		B2F7365D241A226600E45F64 /* Release */ = {
			isa = XCBuildConfiguration;
			buildSettings = {
				ASSETCATALOG_COMPILER_APPICON_NAME = AppIcon;
				CODE_SIGN_STYLE = Automatic;
				DEVELOPMENT_TEAM = 34B2K95NY3;
				INFOPLIST_FILE = ContrainerTest/Info.plist;
				LD_RUNPATH_SEARCH_PATHS = (
					"$(inherited)",
					"@executable_path/Frameworks",
				);
				PRODUCT_BUNDLE_IDENTIFIER = rakib654258.ContrainerTest;
				PRODUCT_NAME = "$(TARGET_NAME)";
				SWIFT_VERSION = 5.0;
				TARGETED_DEVICE_FAMILY = "1,2";
			};
			name = Release;
		};
/* End XCBuildConfiguration section */

/* Begin XCConfigurationList section */
		B2F73642241A226300E45F64 /* Build configuration list for PBXProject "ContrainerTest" */ = {
			isa = XCConfigurationList;
			buildConfigurations = (
				B2F73659241A226600E45F64 /* Debug */,
				B2F7365A241A226600E45F64 /* Release */,
			);
			defaultConfigurationIsVisible = 0;
			defaultConfigurationName = Release;
		};
		B2F7365B241A226600E45F64 /* Build configuration list for PBXNativeTarget "ContrainerTest" */ = {
			isa = XCConfigurationList;
			buildConfigurations = (
				B2F7365C241A226600E45F64 /* Debug */,
				B2F7365D241A226600E45F64 /* Release */,
			);
			defaultConfigurationIsVisible = 0;
			defaultConfigurationName = Release;
		};
/* End XCConfigurationList section */
	};
	rootObject = B2F7363F241A226300E45F64 /* Project object */;
}
